{
  "name": "md2html",
  "lockfileVersion": 3,
  "requires": true,
  "packages": {
    "": {
      "dependencies": {
        "grid": "^4.10.8"
      }
    },
    "node_modules/capitalize": {
      "version": "0.5.0",
      "resolved": "https://registry.npmjs.org/capitalize/-/capitalize-0.5.0.tgz",
      "integrity": "sha512-PaTkpRT5BKne4tmt7a80HqCikvZCOKKbHkZIycqo77VSKfY/mGW3foKUky6Gi/6MsZmYegctEakY7o5YZXwz5w=="
    },
    "node_modules/click-off": {
      "version": "0.2.1",
      "resolved": "https://registry.npmjs.org/click-off/-/click-off-0.2.1.tgz",
      "integrity": "sha512-EL4RXbrwIr/Sv3tcvnm5gVGqix8vna4X9q9nm3vZ2co9PmRVwH7XVdd+0sJLZZ/HZQaBPvF9fNRrWeUlBfRgvg=="
    },
    "node_modules/element-class": {
      "version": "0.1.1",
      "resolved": "https://registry.npmjs.org/element-class/-/element-class-0.1.1.tgz",
      "integrity": "sha512-jUN7QxMb2Yv255s/5DYSD0UZoAqC/J1tLVbbYAqzrwDp+yrTcjh6QfinLJEw0lT2h1R23wk27Vcfm/66LfXiIg==",
      "dependencies": {
        "inherits": "~1.0.0"
      }
    },
    "node_modules/es6-object-assign": {
      "version": "1.1.0",
      "resolved": "https://registry.npmjs.org/es6-object-assign/-/es6-object-assign-1.1.0.tgz",
      "integrity": "sha512-MEl9uirslVwqQU369iHNWZXsI8yaZYGg/D65aOgZkeyFJwHYSxilf7rQzXKI7DdDuBPrBXbfk3sl9hJhmd5AUw=="
    },
    "node_modules/escape-stack": {
      "version": "0.1.2",
      "resolved": "https://registry.npmjs.org/escape-stack/-/escape-stack-0.1.2.tgz",
      "integrity": "sha512-nP/9OVJS7anQGhIYsVhWv1pXtwiuMB5E/N73iux0yjuOpwv5bDvOrtyMGOdB4uz4AYVnDGpe9wqSIOL72X13DA=="
    },
    "node_modules/grid": {
      "version": "4.10.8",
      "resolved": "https://registry.npmjs.org/grid/-/grid-4.10.8.tgz",
      "integrity": "sha512-OKq4zhEj0ojpV+DyskQLpaGr8mSa1ZgA753NPTlJ67xeagqUA0tUjhDg3s0kEF0dEOigxVQ/cWjBMNfzcExtyg==",
      "dependencies": {
        "capitalize": "^0.5.0",
        "click-off": "~0.2.1",
        "element-class": "^0.1.1",
        "es6-object-assign": "~1.1.0",
        "escape-stack": "~0.1.2",
        "inner-text-shim": "~1.0.1",
        "key": "^0.1.11",
        "time-now": "~0.2.1"
      },
      "engines": {
        "node": ">=10"
      }
    },
    "node_modules/inherits": {
      "version": "1.0.2",
      "resolved": "https://registry.npmjs.org/inherits/-/inherits-1.0.2.tgz",
      "integrity": "sha512-Al67oatbRSo3RV5hRqIoln6Y5yMVbJSIn4jEJNL7VCImzq/kLr7vvb6sFRJXqr8rpHc/2kJOM+y0sPKN47VdzA=="
    },
    "node_modules/inner-text-shim": {
      "version": "1.0.1",
      "resolved": "https://registry.npmjs.org/inner-text-shim/-/inner-text-shim-1.0.1.tgz",
      "integrity": "sha512-8phW5hjjTpaxobktHFpW0YJcerSc5YS27lPSiF06LJmp5c7/Cms0zw8YORNE3Uy3+pOVjLLHApYA4KEIJiAh3Q=="
    },
    "node_modules/key": {
      "version": "0.1.11",
      "resolved": "https://registry.npmjs.org/key/-/key-0.1.11.tgz",
      "integrity": "sha512-VCXx+Fo7vtA4/TnNJZg3znjQ9br6egswvnvObuu5gQfgsGay7kpxgbnqZk51y68qLceOYbR0/CUphWfMr9H09w=="
    },
    "node_modules/time-now": {
      "version": "0.2.1",
      "resolved": "https://registry.npmjs.org/time-now/-/time-now-0.2.1.tgz",
      "integrity": "sha512-DVmKHeai63/4uu1//Ao8HyXOY6jmZYuhk3hng6KwY0y8sa+f8gYPu9UIG58JcRH+sMhcms7iFSEa7TqsUhZeig=="
    }
  }
}
